
Microsoft Visual Studio Solution File, Format Version 12.00
# Visual Studio Version 17
VisualStudioVersion = 17.0.31903.59
MinimumVisualStudioVersion = 10.0.40219.1
Project("{FAE04EC0-301F-11D3-BF4B-00C04F79EFBC}") = "Boleto.Api", "src\Boleto.Api\Boleto.Api.csproj", "{50102F5D-D132-4A0E-970E-C19030938FEB}"
EndProject
Project("{FAE04EC0-301F-11D3-BF4B-00C04F79EFBC}") = "Boleto.Domain", "src\Boleto.Domain\Boleto.Domain.csproj", "{50A9E279-A9F9-45F2-A068-73FE4418CE4B}"
EndProject
Project("{FAE04EC0-301F-11D3-BF4B-00C04F79EFBC}") = "Boleto.Infrastructure", "src\Boleto.Infrastructure\Boleto.Infrastructure.csproj", "{E64F9997-F483-405B-A5C1-998A6DB70922}"
EndProject
Project("{FAE04EC0-301F-11D3-BF4B-00C04F79EFBC}") = "Boleto.Service", "src\Boleto.Service\Boleto.Service.csproj", "{16F6D9A8-1890-4863-976C-775679E4F2A8}"
EndProject
Project("{FAE04EC0-301F-11D3-BF4B-00C04F79EFBC}") = "Boleto.Tests", "tests\Boleto.Tests\Boleto.Tests.csproj", "{67E21B3C-7D52-47A7-AFB1-530B5D526B53}"
EndProject
Global
	GlobalSection(SolutionConfigurationPlatforms) = preSolution
		Debug|Any CPU = Debug|Any CPU
		Release|Any CPU = Release|Any CPU
	EndGlobalSection
	GlobalSection(SolutionProperties) = preSolution
		HideSolutionNode = FALSE
	EndGlobalSection
	GlobalSection(ProjectConfigurationPlatforms) = postSolution
		{50102F5D-D132-4A0E-970E-C19030938FEB}.Debug|Any CPU.ActiveCfg = Debug|Any CPU
		{50102F5D-D132-4A0E-970E-C19030938FEB}.Debug|Any CPU.Build.0 = Debug|Any CPU
		{50102F5D-D132-4A0E-970E-C19030938FEB}.Release|Any CPU.ActiveCfg = Release|Any CPU
		{50102F5D-D132-4A0E-970E-C19030938FEB}.Release|Any CPU.Build.0 = Release|Any CPU
		{50A9E279-A9F9-45F2-A068-73FE4418CE4B}.Debug|Any CPU.ActiveCfg = Debug|Any CPU
		{50A9E279-A9F9-45F2-A068-73FE4418CE4B}.Debug|Any CPU.Build.0 = Debug|Any CPU
		{50A9E279-A9F9-45F2-A068-73FE4418CE4B}.Release|Any CPU.ActiveCfg = Release|Any CPU
		{50A9E279-A9F9-45F2-A068-73FE4418CE4B}.Release|Any CPU.Build.0 = Release|Any CPU
		{E64F9997-F483-405B-A5C1-998A6DB70922}.Debug|Any CPU.ActiveCfg = Debug|Any CPU
		{E64F9997-F483-405B-A5C1-998A6DB70922}.Debug|Any CPU.Build.0 = Debug|Any CPU
		{E64F9997-F483-405B-A5C1-998A6DB70922}.Release|Any CPU.ActiveCfg = Release|Any CPU
		{E64F9997-F483-405B-A5C1-998A6DB70922}.Release|Any CPU.Build.0 = Release|Any CPU
		{16F6D9A8-1890-4863-976C-775679E4F2A8}.Debug|Any CPU.ActiveCfg = Debug|Any CPU
		{16F6D9A8-1890-4863-976C-775679E4F2A8}.Debug|Any CPU.Build.0 = Debug|Any CPU
		{16F6D9A8-1890-4863-976C-775679E4F2A8}.Release|Any CPU.ActiveCfg = Release|Any CPU
		{16F6D9A8-1890-4863-976C-775679E4F2A8}.Release|Any CPU.Build.0 = Release|Any CPU
		{67E21B3C-7D52-47A7-AFB1-530B5D526B53}.Debug|Any CPU.ActiveCfg = Debug|Any CPU
		{67E21B3C-7D52-47A7-AFB1-530B5D526B53}.Debug|Any CPU.Build.0 = Debug|Any CPU
		{67E21B3C-7D52-47A7-AFB1-530B5D526B53}.Release|Any CPU.ActiveCfg = Release|Any CPU
		{67E21B3C-7D52-47A7-AFB1-530B5D526B53}.Release|Any CPU.Build.0 = Release|Any CPU
	EndGlobalSection
EndGlobal
